// !$*UTF8*$!
{
	archiveVersion = 1;
	classes = {
	};
	objectVersion = 54;
	objects = {

/* Begin PBXBuildFile section */
		13B07FBF1A68108700A75B9A /* Images.xcassets in Resources */ = {isa = PBXBuildFile; fileRef = 13B07FB51A68108700A75B9A /* Images.xcassets */; };
		15ADA8E873604208B15A348F /* icon-mono-180.png in Resources */ = {isa = PBXBuildFile; fileRef = 950697A0331C421B859D7AB1 /* icon-mono-180.png */; };
		3326FB9DC020419987DB6727 /* icon-light-120.png in Resources */ = {isa = PBXBuildFile; fileRef = E7C048FFF8A141B4ADFF0C91 /* icon-light-120.png */; };
		3E461D99554A48A4959DE609 /* SplashScreen.storyboard in Resources */ = {isa = PBXBuildFile; fileRef = AA286B85B6C04FC6940260E9 /* SplashScreen.storyboard */; };
		437F3F3732DF42A7BCAB3D7E /* icon-light.png in Resources */ = {isa = PBXBuildFile; fileRef = B55B05043D0841A1A4002DC4 /* icon-light.png */; };
		4FEDACC78A144375978FE1A1 /* icon-mono.png in Resources */ = {isa = PBXBuildFile; fileRef = 9C86E47F1235456490944021 /* icon-mono.png */; };
		57BAD8823F1C4341948523A8 /* icon-pride-167.png in Resources */ = {isa = PBXBuildFile; fileRef = 85D1E40C16744122BEE709DD /* icon-pride-167.png */; };
		6AC4F6B8081D4E8E880BAFF0 /* icon-light-152.png in Resources */ = {isa = PBXBuildFile; fileRef = 52577BF0F41F4B718E02FEC4 /* icon-light-152.png */; };
		75B0166F5D034AE0A0EF1C00 /* icon-light-167.png in Resources */ = {isa = PBXBuildFile; fileRef = 46EE3ACCF293487BB667DC7C /* icon-light-167.png */; };
		7962C0F49E08424BAF265BAD /* icon-pride.png in Resources */ = {isa = PBXBuildFile; fileRef = 64AF3119DC274B15A4D9B227 /* icon-pride.png */; };
		7AA60FFD04384CB78ABA7219 /* icon-pride-120.png in Resources */ = {isa = PBXBuildFile; fileRef = 221A423EB0614F268F3D7D7B /* icon-pride-120.png */; };
		80FC3B6117B945D6B0F1A9D3 /* icon-light-180.png in Resources */ = {isa = PBXBuildFile; fileRef = 9026E1F2097E457F8BE9DCA8 /* icon-light-180.png */; };
		85E567160FFE4ACBB16729C5 /* icon-pride.png in Resources */ = {isa = PBXBuildFile; fileRef = 54766879407B4FFBB647C538 /* icon-pride.png */; };
		950721F0CA613EF5F694A918 /* ExpoModulesProvider.swift in Sources */ = {isa = PBXBuildFile; fileRef = 98702503A504C525543ED39F /* ExpoModulesProvider.swift */; };
		96E281919224498FB5B1ED5D /* icon-pride-180.png in Resources */ = {isa = PBXBuildFile; fileRef = 475E43CC3FAE44DAADCC0F78 /* icon-pride-180.png */; };
		A5455FA89C254026A0DA894A /* icon-mono-152.png in Resources */ = {isa = PBXBuildFile; fileRef = 5ADBA88934B34228A7C11C9E /* icon-mono-152.png */; };
		BB2F792D24A3F905000567C9 /* Expo.plist in Resources */ = {isa = PBXBuildFile; fileRef = BB2F792C24A3F905000567C9 /* Expo.plist */; };
		BC5DB788358F4954A542FEA2 /* icon-mono.png in Resources */ = {isa = PBXBuildFile; fileRef = 17028B7C3C4644A0B77BA587 /* icon-mono.png */; };
		C3543EBBF6874E948A0B7070 /* icon-pride-152.png in Resources */ = {isa = PBXBuildFile; fileRef = D4286BF7EA6448A9B87EBC91 /* icon-pride-152.png */; };
		C3980A7E2BE94FB48C7676B6 /* icon-light.png in Resources */ = {isa = PBXBuildFile; fileRef = D6872E8E611640A49AC525A2 /* icon-light.png */; };
		C412171D4CCF4B1E81784E92 /* icon-mono-167.png in Resources */ = {isa = PBXBuildFile; fileRef = 672FACBB78CC4DD9A4E95F98 /* icon-mono-167.png */; };
		E520E16AE0A04840A7C13269 /* icon-mono-120.png in Resources */ = {isa = PBXBuildFile; fileRef = 3A09C406871449E284B42CF1 /* icon-mono-120.png */; };
		E56F0C89D33D2C2590C7B0C1 /* libPods-Asphodel.a in Frameworks */ = {isa = PBXBuildFile; fileRef = 4367641697FCA381120001C3 /* libPods-Asphodel.a */; };
		F11748422D0307B40044C1D9 /* AppDelegate.swift in Sources */ = {isa = PBXBuildFile; fileRef = F11748412D0307B40044C1D9 /* AppDelegate.swift */; };
		F883D33271C2BB28E5FF55DD /* PrivacyInfo.xcprivacy in Resources */ = {isa = PBXBuildFile; fileRef = CADB3F446B9B1E6B727E5DD0 /* PrivacyInfo.xcprivacy */; };
/* End PBXBuildFile section */

/* Begin PBXFileReference section */
		13B07F961A680F5B00A75B9A /* Asphodel.app */ = {isa = PBXFileReference; explicitFileType = wrapper.application; includeInIndex = 0; path = Asphodel.app; sourceTree = BUILT_PRODUCTS_DIR; };
		13B07FB51A68108700A75B9A /* Images.xcassets */ = {isa = PBXFileReference; lastKnownFileType = folder.assetcatalog; name = Images.xcassets; path = Asphodel/Images.xcassets; sourceTree = "<group>"; };
		13B07FB61A68108700A75B9A /* Info.plist */ = {isa = PBXFileReference; fileEncoding = 4; lastKnownFileType = text.plist.xml; name = Info.plist; path = Asphodel/Info.plist; sourceTree = "<group>"; };
		17028B7C3C4644A0B77BA587 /* icon-mono.png */ = {isa = PBXFileReference; lastKnownFileType = image.png; name = "icon-mono.png"; path = "Asphodel/icon-mono.png"; sourceTree = "<group>"; };
		221A423EB0614F268F3D7D7B /* icon-pride-120.png */ = {isa = PBXFileReference; lastKnownFileType = image.png; name = "icon-pride-120.png"; path = "Asphodel/icon-pride-120.png"; sourceTree = "<group>"; };
		338D78E9AFB4082860708231 /* Pods-Asphodel.release.xcconfig */ = {isa = PBXFileReference; includeInIndex = 1; lastKnownFileType = text.xcconfig; name = "Pods-Asphodel.release.xcconfig"; path = "Target Support Files/Pods-Asphodel/Pods-Asphodel.release.xcconfig"; sourceTree = "<group>"; };
		3A09C406871449E284B42CF1 /* icon-mono-120.png */ = {isa = PBXFileReference; lastKnownFileType = image.png; name = "icon-mono-120.png"; path = "Asphodel/icon-mono-120.png"; sourceTree = "<group>"; };
		4367641697FCA381120001C3 /* libPods-Asphodel.a */ = {isa = PBXFileReference; explicitFileType = archive.ar; includeInIndex = 0; path = "libPods-Asphodel.a"; sourceTree = BUILT_PRODUCTS_DIR; };
		46EE3ACCF293487BB667DC7C /* icon-light-167.png */ = {isa = PBXFileReference; lastKnownFileType = image.png; name = "icon-light-167.png"; path = "Asphodel/icon-light-167.png"; sourceTree = "<group>"; };
		475E43CC3FAE44DAADCC0F78 /* icon-pride-180.png */ = {isa = PBXFileReference; lastKnownFileType = image.png; name = "icon-pride-180.png"; path = "Asphodel/icon-pride-180.png"; sourceTree = "<group>"; };
		52577BF0F41F4B718E02FEC4 /* icon-light-152.png */ = {isa = PBXFileReference; lastKnownFileType = image.png; name = "icon-light-152.png"; path = "Asphodel/icon-light-152.png"; sourceTree = "<group>"; };
		54766879407B4FFBB647C538 /* icon-pride.png */ = {isa = PBXFileReference; lastKnownFileType = image.png; name = "icon-pride.png"; path = "Asphodel/icon-pride.png"; sourceTree = "<group>"; };
		5ADBA88934B34228A7C11C9E /* icon-mono-152.png */ = {isa = PBXFileReference; lastKnownFileType = image.png; name = "icon-mono-152.png"; path = "Asphodel/icon-mono-152.png"; sourceTree = "<group>"; };
		64AF3119DC274B15A4D9B227 /* icon-pride.png */ = {isa = PBXFileReference; lastKnownFileType = image.png; name = "icon-pride.png"; path = "Asphodel/icon-pride.png"; sourceTree = "<group>"; };
		672FACBB78CC4DD9A4E95F98 /* icon-mono-167.png */ = {isa = PBXFileReference; lastKnownFileType = image.png; name = "icon-mono-167.png"; path = "Asphodel/icon-mono-167.png"; sourceTree = "<group>"; };
		85D1E40C16744122BEE709DD /* icon-pride-167.png */ = {isa = PBXFileReference; lastKnownFileType = image.png; name = "icon-pride-167.png"; path = "Asphodel/icon-pride-167.png"; sourceTree = "<group>"; };
		9026E1F2097E457F8BE9DCA8 /* icon-light-180.png */ = {isa = PBXFileReference; lastKnownFileType = image.png; name = "icon-light-180.png"; path = "Asphodel/icon-light-180.png"; sourceTree = "<group>"; };
		950697A0331C421B859D7AB1 /* icon-mono-180.png */ = {isa = PBXFileReference; lastKnownFileType = image.png; name = "icon-mono-180.png"; path = "Asphodel/icon-mono-180.png"; sourceTree = "<group>"; };
		98702503A504C525543ED39F /* ExpoModulesProvider.swift */ = {isa = PBXFileReference; includeInIndex = 1; lastKnownFileType = sourcecode.swift; name = ExpoModulesProvider.swift; path = "Pods/Target Support Files/Pods-Asphodel/ExpoModulesProvider.swift"; sourceTree = "<group>"; };
		9C86E47F1235456490944021 /* icon-mono.png */ = {isa = PBXFileReference; lastKnownFileType = image.png; name = "icon-mono.png"; path = "Asphodel/icon-mono.png"; sourceTree = "<group>"; };
		AA286B85B6C04FC6940260E9 /* SplashScreen.storyboard */ = {isa = PBXFileReference; fileEncoding = 4; lastKnownFileType = file.storyboard; name = SplashScreen.storyboard; path = Asphodel/SplashScreen.storyboard; sourceTree = "<group>"; };
		B55B05043D0841A1A4002DC4 /* icon-light.png */ = {isa = PBXFileReference; lastKnownFileType = image.png; name = "icon-light.png"; path = "Asphodel/icon-light.png"; sourceTree = "<group>"; };
		BB2F792C24A3F905000567C9 /* Expo.plist */ = {isa = PBXFileReference; fileEncoding = 4; lastKnownFileType = text.plist.xml; path = Expo.plist; sourceTree = "<group>"; };
		C80A7FCFC1EAFD19E69770B5 /* Pods-Asphodel.debug.xcconfig */ = {isa = PBXFileReference; includeInIndex = 1; lastKnownFileType = text.xcconfig; name = "Pods-Asphodel.debug.xcconfig"; path = "Target Support Files/Pods-Asphodel/Pods-Asphodel.debug.xcconfig"; sourceTree = "<group>"; };
		CADB3F446B9B1E6B727E5DD0 /* PrivacyInfo.xcprivacy */ = {isa = PBXFileReference; includeInIndex = 1; name = PrivacyInfo.xcprivacy; path = Asphodel/PrivacyInfo.xcprivacy; sourceTree = "<group>"; };
		D4286BF7EA6448A9B87EBC91 /* icon-pride-152.png */ = {isa = PBXFileReference; lastKnownFileType = image.png; name = "icon-pride-152.png"; path = "Asphodel/icon-pride-152.png"; sourceTree = "<group>"; };
		D6872E8E611640A49AC525A2 /* icon-light.png */ = {isa = PBXFileReference; lastKnownFileType = image.png; name = "icon-light.png"; path = "Asphodel/icon-light.png"; sourceTree = "<group>"; };
		E7C048FFF8A141B4ADFF0C91 /* icon-light-120.png */ = {isa = PBXFileReference; lastKnownFileType = image.png; name = "icon-light-120.png"; path = "Asphodel/icon-light-120.png"; sourceTree = "<group>"; };
		ED297162215061F000B7C4FE /* JavaScriptCore.framework */ = {isa = PBXFileReference; lastKnownFileType = wrapper.framework; name = JavaScriptCore.framework; path = System/Library/Frameworks/JavaScriptCore.framework; sourceTree = SDKROOT; };
		F11748412D0307B40044C1D9 /* AppDelegate.swift */ = {isa = PBXFileReference; lastKnownFileType = sourcecode.swift; name = AppDelegate.swift; path = Asphodel/AppDelegate.swift; sourceTree = "<group>"; };
		F11748442D0722820044C1D9 /* Asphodel-Bridging-Header.h */ = {isa = PBXFileReference; lastKnownFileType = sourcecode.c.h; name = "Asphodel-Bridging-Header.h"; path = "Asphodel/Asphodel-Bridging-Header.h"; sourceTree = "<group>"; };
/* End PBXFileReference section */

/* Begin PBXFrameworksBuildPhase section */
		13B07F8C1A680F5B00A75B9A /* Frameworks */ = {
			isa = PBXFrameworksBuildPhase;
			buildActionMask = 2147483647;
			files = (
				E56F0C89D33D2C2590C7B0C1 /* libPods-Asphodel.a in Frameworks */,
			);
			runOnlyForDeploymentPostprocessing = 0;
		};
/* End PBXFrameworksBuildPhase section */

/* Begin PBXGroup section */
		13B07FAE1A68108700A75B9A /* Asphodel */ = {
			isa = PBXGroup;
			children = (
				F11748412D0307B40044C1D9 /* AppDelegate.swift */,
				F11748442D0722820044C1D9 /* Asphodel-Bridging-Header.h */,
				BB2F792B24A3F905000567C9 /* Supporting */,
				13B07FB51A68108700A75B9A /* Images.xcassets */,
				13B07FB61A68108700A75B9A /* Info.plist */,
				AA286B85B6C04FC6940260E9 /* SplashScreen.storyboard */,
				B55B05043D0841A1A4002DC4 /* icon-light.png */,
				9C86E47F1235456490944021 /* icon-mono.png */,
				64AF3119DC274B15A4D9B227 /* icon-pride.png */,
				CADB3F446B9B1E6B727E5DD0 /* PrivacyInfo.xcprivacy */,
				D6872E8E611640A49AC525A2 /* icon-light.png */,
				E7C048FFF8A141B4ADFF0C91 /* icon-light-120.png */,
				52577BF0F41F4B718E02FEC4 /* icon-light-152.png */,
				46EE3ACCF293487BB667DC7C /* icon-light-167.png */,
				9026E1F2097E457F8BE9DCA8 /* icon-light-180.png */,
				17028B7C3C4644A0B77BA587 /* icon-mono.png */,
				3A09C406871449E284B42CF1 /* icon-mono-120.png */,
				5ADBA88934B34228A7C11C9E /* icon-mono-152.png */,
				672FACBB78CC4DD9A4E95F98 /* icon-mono-167.png */,
				950697A0331C421B859D7AB1 /* icon-mono-180.png */,
				54766879407B4FFBB647C538 /* icon-pride.png */,
				221A423EB0614F268F3D7D7B /* icon-pride-120.png */,
				D4286BF7EA6448A9B87EBC91 /* icon-pride-152.png */,
				85D1E40C16744122BEE709DD /* icon-pride-167.png */,
				475E43CC3FAE44DAADCC0F78 /* icon-pride-180.png */,
			);
			name = Asphodel;
			sourceTree = "<group>";
		};
		147AE0D0D6CAF66FF31E989E /* Pods */ = {
			isa = PBXGroup;
			children = (
				C80A7FCFC1EAFD19E69770B5 /* Pods-Asphodel.debug.xcconfig */,
				338D78E9AFB4082860708231 /* Pods-Asphodel.release.xcconfig */,
			);
			name = Pods;
			path = Pods;
			sourceTree = "<group>";
		};
		1D4579BFFF3187087BAD163C /* Asphodel */ = {
			isa = PBXGroup;
			children = (
				98702503A504C525543ED39F /* ExpoModulesProvider.swift */,
			);
			name = Asphodel;
			sourceTree = "<group>";
		};
		2D16E6871FA4F8E400B85C8A /* Frameworks */ = {
			isa = PBXGroup;
			children = (
				ED297162215061F000B7C4FE /* JavaScriptCore.framework */,
				4367641697FCA381120001C3 /* libPods-Asphodel.a */,
			);
			name = Frameworks;
			sourceTree = "<group>";
		};
		832341AE1AAA6A7D00B99B32 /* Libraries */ = {
			isa = PBXGroup;
			children = (
			);
			name = Libraries;
			sourceTree = "<group>";
		};
		83CBB9F61A601CBA00E9B192 = {
			isa = PBXGroup;
			children = (
				13B07FAE1A68108700A75B9A /* Asphodel */,
				832341AE1AAA6A7D00B99B32 /* Libraries */,
				83CBBA001A601CBA00E9B192 /* Products */,
				2D16E6871FA4F8E400B85C8A /* Frameworks */,
				147AE0D0D6CAF66FF31E989E /* Pods */,
				F47B192D979534962A44E880 /* ExpoModulesProviders */,
			);
			indentWidth = 2;
			sourceTree = "<group>";
			tabWidth = 2;
			usesTabs = 0;
		};
		83CBBA001A601CBA00E9B192 /* Products */ = {
			isa = PBXGroup;
			children = (
				13B07F961A680F5B00A75B9A /* Asphodel.app */,
			);
			name = Products;
			sourceTree = "<group>";
		};
		BB2F792B24A3F905000567C9 /* Supporting */ = {
			isa = PBXGroup;
			children = (
				BB2F792C24A3F905000567C9 /* Expo.plist */,
			);
			name = Supporting;
			path = Asphodel/Supporting;
			sourceTree = "<group>";
		};
		F47B192D979534962A44E880 /* ExpoModulesProviders */ = {
			isa = PBXGroup;
			children = (
				1D4579BFFF3187087BAD163C /* Asphodel */,
			);
			name = ExpoModulesProviders;
			sourceTree = "<group>";
		};
/* End PBXGroup section */

/* Begin PBXNativeTarget section */
		13B07F861A680F5B00A75B9A /* Asphodel */ = {
			isa = PBXNativeTarget;
			buildConfigurationList = 13B07F931A680F5B00A75B9A /* Build configuration list for PBXNativeTarget "Asphodel" */;
			buildPhases = (
				08A4A3CD28434E44B6B9DE2E /* [CP] Check Pods Manifest.lock */,
				33C6E8AB8F22CEC1F90CD2DE /* [Expo] Configure project */,
				13B07F871A680F5B00A75B9A /* Sources */,
				13B07F8C1A680F5B00A75B9A /* Frameworks */,
				13B07F8E1A680F5B00A75B9A /* Resources */,
				00DD1BFF1BD5951E006B06BC /* Bundle React Native code and images */,
				800E24972A6A228C8D4807E9 /* [CP] Copy Pods Resources */,
				87D0C7C4EA39DA931015D28C /* [CP] Embed Pods Frameworks */,
			);
			buildRules = (
			);
			dependencies = (
			);
			name = Asphodel;
			productName = Asphodel;
			productReference = 13B07F961A680F5B00A75B9A /* Asphodel.app */;
			productType = "com.apple.product-type.application";
		};
/* End PBXNativeTarget section */

/* Begin PBXProject section */
		83CBB9F71A601CBA00E9B192 /* Project object */ = {
			isa = PBXProject;
			attributes = {
				LastUpgradeCheck = 1130;
				TargetAttributes = {
					13B07F861A680F5B00A75B9A = {
						DevelopmentTeam = P8T66U743T;
						LastSwiftMigration = 1250;
						ProvisioningStyle = Automatic;
					};
				};
			};
			buildConfigurationList = 83CBB9FA1A601CBA00E9B192 /* Build configuration list for PBXProject "Asphodel" */;
			compatibilityVersion = "Xcode 3.2";
			developmentRegion = en;
			hasScannedForEncodings = 0;
			knownRegions = (
				en,
				Base,
			);
			mainGroup = 83CBB9F61A601CBA00E9B192;
			productRefGroup = 83CBBA001A601CBA00E9B192 /* Products */;
			projectDirPath = "";
			projectRoot = "";
			targets = (
				13B07F861A680F5B00A75B9A /* Asphodel */,
			);
		};
/* End PBXProject section */

/* Begin PBXResourcesBuildPhase section */
		13B07F8E1A680F5B00A75B9A /* Resources */ = {
			isa = PBXResourcesBuildPhase;
			buildActionMask = 2147483647;
			files = (
				BB2F792D24A3F905000567C9 /* Expo.plist in Resources */,
				13B07FBF1A68108700A75B9A /* Images.xcassets in Resources */,
				3E461D99554A48A4959DE609 /* SplashScreen.storyboard in Resources */,
				437F3F3732DF42A7BCAB3D7E /* icon-light.png in Resources */,
				4FEDACC78A144375978FE1A1 /* icon-mono.png in Resources */,
				7962C0F49E08424BAF265BAD /* icon-pride.png in Resources */,
				F883D33271C2BB28E5FF55DD /* PrivacyInfo.xcprivacy in Resources */,
				C3980A7E2BE94FB48C7676B6 /* icon-light.png in Resources */,
				3326FB9DC020419987DB6727 /* icon-light-120.png in Resources */,
				6AC4F6B8081D4E8E880BAFF0 /* icon-light-152.png in Resources */,
				75B0166F5D034AE0A0EF1C00 /* icon-light-167.png in Resources */,
				80FC3B6117B945D6B0F1A9D3 /* icon-light-180.png in Resources */,
				BC5DB788358F4954A542FEA2 /* icon-mono.png in Resources */,
				E520E16AE0A04840A7C13269 /* icon-mono-120.png in Resources */,
				A5455FA89C254026A0DA894A /* icon-mono-152.png in Resources */,
				C412171D4CCF4B1E81784E92 /* icon-mono-167.png in Resources */,
				15ADA8E873604208B15A348F /* icon-mono-180.png in Resources */,
				85E567160FFE4ACBB16729C5 /* icon-pride.png in Resources */,
				7AA60FFD04384CB78ABA7219 /* icon-pride-120.png in Resources */,
				C3543EBBF6874E948A0B7070 /* icon-pride-152.png in Resources */,
				57BAD8823F1C4341948523A8 /* icon-pride-167.png in Resources */,
				96E281919224498FB5B1ED5D /* icon-pride-180.png in Resources */,
			);
			runOnlyForDeploymentPostprocessing = 0;
		};
/* End PBXResourcesBuildPhase section */

/* Begin PBXShellScriptBuildPhase section */
		00DD1BFF1BD5951E006B06BC /* Bundle React Native code and images */ = {
			isa = PBXShellScriptBuildPhase;
			alwaysOutOfDate = 1;
			buildActionMask = 2147483647;
			files = (
			);
			inputPaths = (
				"$(SRCROOT)/.xcode.env",
				"$(SRCROOT)/.xcode.env.local",
			);
			name = "Bundle React Native code and images";
			outputPaths = (
			);
			runOnlyForDeploymentPostprocessing = 0;
			shellPath = /bin/sh;
			shellScript = "if [[ -f \"$PODS_ROOT/../.xcode.env\" ]]; then\n  source \"$PODS_ROOT/../.xcode.env\"\nfi\nif [[ -f \"$PODS_ROOT/../.xcode.env.local\" ]]; then\n  source \"$PODS_ROOT/../.xcode.env.local\"\nfi\n\n# The project root by default is one level up from the ios directory\nexport PROJECT_ROOT=\"$PROJECT_DIR\"/..\n\nif [[ \"$CONFIGURATION\" = *Debug* ]]; then\n  export SKIP_BUNDLING=1\nfi\nif [[ -z \"$ENTRY_FILE\" ]]; then\n  # Set the entry JS file using the bundler's entry resolution.\n  export ENTRY_FILE=\"$(\"$NODE_BINARY\" -e \"require('expo/scripts/resolveAppEntry')\" \"$PROJECT_ROOT\" ios absolute | tail -n 1)\"\nfi\n\nif [[ -z \"$CLI_PATH\" ]]; then\n  # Use Expo CLI\n  export CLI_PATH=\"$(\"$NODE_BINARY\" --print \"require.resolve('@expo/cli', { paths: [require.resolve('expo/package.json')] })\")\"\nfi\nif [[ -z \"$BUNDLE_COMMAND\" ]]; then\n  # Default Expo CLI command for bundling\n  export BUNDLE_COMMAND=\"export:embed\"\nfi\n\n# Source .xcode.env.updates if it exists to allow\n# SKIP_BUNDLING to be unset if needed\nif [[ -f \"$PODS_ROOT/../.xcode.env.updates\" ]]; then\n  source \"$PODS_ROOT/../.xcode.env.updates\"\nfi\n# Source local changes to allow overrides\n# if needed\nif [[ -f \"$PODS_ROOT/../.xcode.env.local\" ]]; then\n  source \"$PODS_ROOT/../.xcode.env.local\"\nfi\n\n`\"$NODE_BINARY\" --print \"require('path').dirname(require.resolve('react-native/package.json')) + '/scripts/react-native-xcode.sh'\"`\n\n";
		};
		08A4A3CD28434E44B6B9DE2E /* [CP] Check Pods Manifest.lock */ = {
			isa = PBXShellScriptBuildPhase;
			buildActionMask = 2147483647;
			files = (
			);
			inputFileListPaths = (
			);
			inputPaths = (
				"${PODS_PODFILE_DIR_PATH}/Podfile.lock",
				"${PODS_ROOT}/Manifest.lock",
			);
			name = "[CP] Check Pods Manifest.lock";
			outputFileListPaths = (
			);
			outputPaths = (
				"$(DERIVED_FILE_DIR)/Pods-Asphodel-checkManifestLockResult.txt",
			);
			runOnlyForDeploymentPostprocessing = 0;
			shellPath = /bin/sh;
			shellScript = "diff \"${PODS_PODFILE_DIR_PATH}/Podfile.lock\" \"${PODS_ROOT}/Manifest.lock\" > /dev/null\nif [ $? != 0 ] ; then\n    # print error to STDERR\n    echo \"error: The sandbox is not in sync with the Podfile.lock. Run 'pod install' or update your CocoaPods installation.\" >&2\n    exit 1\nfi\n# This output is used by Xcode 'outputs' to avoid re-running this script phase.\necho \"SUCCESS\" > \"${SCRIPT_OUTPUT_FILE_0}\"\n";
			showEnvVarsInLog = 0;
		};
		33C6E8AB8F22CEC1F90CD2DE /* [Expo] Configure project */ = {
			isa = PBXShellScriptBuildPhase;
			alwaysOutOfDate = 1;
			buildActionMask = 2147483647;
			files = (
			);
			inputFileListPaths = (
			);
			inputPaths = (
				"$(SRCROOT)/.xcode.env",
				"$(SRCROOT)/.xcode.env.local",
				"$(SRCROOT)/Asphodel/Asphodel.entitlements",
				"$(SRCROOT)/Pods/Target Support Files/Pods-Asphodel/expo-configure-project.sh",
			);
			name = "[Expo] Configure project";
			outputFileListPaths = (
			);
			outputPaths = (
				"$(SRCROOT)/Pods/Target Support Files/Pods-Asphodel/ExpoModulesProvider.swift",
			);
			runOnlyForDeploymentPostprocessing = 0;
			shellPath = /bin/sh;
			shellScript = "# This script configures Expo modules and generates the modules provider file.\nbash -l -c \"./Pods/Target\\ Support\\ Files/Pods-Asphodel/expo-configure-project.sh\"\n";
		};
		800E24972A6A228C8D4807E9 /* [CP] Copy Pods Resources */ = {
			isa = PBXShellScriptBuildPhase;
			buildActionMask = 2147483647;
			files = (
			);
			inputPaths = (
				"${PODS_ROOT}/Target Support Files/Pods-Asphodel/Pods-Asphodel-resources.sh",
				"${PODS_CONFIGURATION_BUILD_DIR}/EXApplication/ExpoApplication_privacy.bundle",
				"${PODS_CONFIGURATION_BUILD_DIR}/EXConstants/EXConstants.bundle",
				"${PODS_CONFIGURATION_BUILD_DIR}/EXConstants/ExpoConstants_privacy.bundle",
				"${PODS_CONFIGURATION_BUILD_DIR}/EXNotifications/ExpoNotifications_privacy.bundle",
				"${PODS_CONFIGURATION_BUILD_DIR}/EXTaskManager/ExpoTaskManager_privacy.bundle",
				"${PODS_CONFIGURATION_BUILD_DIR}/EXUpdates/EXUpdates.bundle",
				"${PODS_CONFIGURATION_BUILD_DIR}/ExpoDevice/ExpoDevice_privacy.bundle",
				"${PODS_CONFIGURATION_BUILD_DIR}/ExpoFileSystem/ExpoFileSystem_privacy.bundle",
				"${PODS_CONFIGURATION_BUILD_DIR}/ExpoLocalization/ExpoLocalization_privacy.bundle",
				"${PODS_CONFIGURATION_BUILD_DIR}/ExpoMediaLibrary/ExpoMediaLibrary_privacy.bundle",
				"${PODS_CONFIGURATION_BUILD_DIR}/ExpoSystemUI/ExpoSystemUI_privacy.bundle",
				"${PODS_CONFIGURATION_BUILD_DIR}/RNCAsyncStorage/RNCAsyncStorage_resources.bundle",
				"${PODS_CONFIGURATION_BUILD_DIR}/RNSVG/RNSVGFilters.bundle",
				"${PODS_CONFIGURATION_BUILD_DIR}/ReachabilitySwift/ReachabilitySwift.bundle",
				"${PODS_CONFIGURATION_BUILD_DIR}/React-Core/React-Core_privacy.bundle",
				"${PODS_CONFIGURATION_BUILD_DIR}/React-cxxreact/React-cxxreact_privacy.bundle",
				"${PODS_CONFIGURATION_BUILD_DIR}/SDWebImage/SDWebImage.bundle",
				"${PODS_CONFIGURATION_BUILD_DIR}/expo-dev-launcher/EXDevLauncher.bundle",
				"${PODS_CONFIGURATION_BUILD_DIR}/expo-dev-menu/EXDevMenu.bundle",
			);
			name = "[CP] Copy Pods Resources";
			outputPaths = (
				"${TARGET_BUILD_DIR}/${UNLOCALIZED_RESOURCES_FOLDER_PATH}/ExpoApplication_privacy.bundle",
				"${TARGET_BUILD_DIR}/${UNLOCALIZED_RESOURCES_FOLDER_PATH}/EXConstants.bundle",
				"${TARGET_BUILD_DIR}/${UNLOCALIZED_RESOURCES_FOLDER_PATH}/ExpoConstants_privacy.bundle",
				"${TARGET_BUILD_DIR}/${UNLOCALIZED_RESOURCES_FOLDER_PATH}/ExpoNotifications_privacy.bundle",
				"${TARGET_BUILD_DIR}/${UNLOCALIZED_RESOURCES_FOLDER_PATH}/ExpoTaskManager_privacy.bundle",
				"${TARGET_BUILD_DIR}/${UNLOCALIZED_RESOURCES_FOLDER_PATH}/EXUpdates.bundle",
				"${TARGET_BUILD_DIR}/${UNLOCALIZED_RESOURCES_FOLDER_PATH}/ExpoDevice_privacy.bundle",
				"${TARGET_BUILD_DIR}/${UNLOCALIZED_RESOURCES_FOLDER_PATH}/ExpoFileSystem_privacy.bundle",
				"${TARGET_BUILD_DIR}/${UNLOCALIZED_RESOURCES_FOLDER_PATH}/ExpoLocalization_privacy.bundle",
				"${TARGET_BUILD_DIR}/${UNLOCALIZED_RESOURCES_FOLDER_PATH}/ExpoMediaLibrary_privacy.bundle",
				"${TARGET_BUILD_DIR}/${UNLOCALIZED_RESOURCES_FOLDER_PATH}/ExpoSystemUI_privacy.bundle",
				"${TARGET_BUILD_DIR}/${UNLOCALIZED_RESOURCES_FOLDER_PATH}/RNCAsyncStorage_resources.bundle",
				"${TARGET_BUILD_DIR}/${UNLOCALIZED_RESOURCES_FOLDER_PATH}/RNSVGFilters.bundle",
				"${TARGET_BUILD_DIR}/${UNLOCALIZED_RESOURCES_FOLDER_PATH}/ReachabilitySwift.bundle",
				"${TARGET_BUILD_DIR}/${UNLOCALIZED_RESOURCES_FOLDER_PATH}/React-Core_privacy.bundle",
				"${TARGET_BUILD_DIR}/${UNLOCALIZED_RESOURCES_FOLDER_PATH}/React-cxxreact_privacy.bundle",
				"${TARGET_BUILD_DIR}/${UNLOCALIZED_RESOURCES_FOLDER_PATH}/SDWebImage.bundle",
				"${TARGET_BUILD_DIR}/${UNLOCALIZED_RESOURCES_FOLDER_PATH}/EXDevLauncher.bundle",
				"${TARGET_BUILD_DIR}/${UNLOCALIZED_RESOURCES_FOLDER_PATH}/EXDevMenu.bundle",
			);
			runOnlyForDeploymentPostprocessing = 0;
			shellPath = /bin/sh;
			shellScript = "\"${PODS_ROOT}/Target Support Files/Pods-Asphodel/Pods-Asphodel-resources.sh\"\n";
			showEnvVarsInLog = 0;
		};
		87D0C7C4EA39DA931015D28C /* [CP] Embed Pods Frameworks */ = {
			isa = PBXShellScriptBuildPhase;
			buildActionMask = 2147483647;
			files = (
			);
			inputPaths = (
				"${PODS_ROOT}/Target Support Files/Pods-Asphodel/Pods-Asphodel-frameworks.sh",
				"${PODS_XCFRAMEWORKS_BUILD_DIR}/React-Core-prebuilt/React.framework/React",
				"${PODS_XCFRAMEWORKS_BUILD_DIR}/ReactNativeDependencies/ReactNativeDependencies.framework/ReactNativeDependencies",
				"${PODS_XCFRAMEWORKS_BUILD_DIR}/hermes-engine/Pre-built/hermes.framework/hermes",
			);
			name = "[CP] Embed Pods Frameworks";
			outputPaths = (
				"${TARGET_BUILD_DIR}/${FRAMEWORKS_FOLDER_PATH}/React.framework",
				"${TARGET_BUILD_DIR}/${FRAMEWORKS_FOLDER_PATH}/ReactNativeDependencies.framework",
				"${TARGET_BUILD_DIR}/${FRAMEWORKS_FOLDER_PATH}/hermes.framework",
			);
			runOnlyForDeploymentPostprocessing = 0;
			shellPath = /bin/sh;
			shellScript = "\"${PODS_ROOT}/Target Support Files/Pods-Asphodel/Pods-Asphodel-frameworks.sh\"\n";
			showEnvVarsInLog = 0;
		};
/* End PBXShellScriptBuildPhase section */

/* Begin PBXSourcesBuildPhase section */
		13B07F871A680F5B00A75B9A /* Sources */ = {
			isa = PBXSourcesBuildPhase;
			buildActionMask = 2147483647;
			files = (
				F11748422D0307B40044C1D9 /* AppDelegate.swift in Sources */,
				950721F0CA613EF5F694A918 /* ExpoModulesProvider.swift in Sources */,
			);
			runOnlyForDeploymentPostprocessing = 0;
		};
/* End PBXSourcesBuildPhase section */

/* Begin XCBuildConfiguration section */
		13B07F941A680F5B00A75B9A /* Debug */ = {
			isa = XCBuildConfiguration;
			baseConfigurationReference = C80A7FCFC1EAFD19E69770B5 /* Pods-Asphodel.debug.xcconfig */;
			buildSettings = {
				ASSETCATALOG_COMPILER_APPICON_NAME = AppIcon;
				CLANG_ENABLE_MODULES = YES;
				CODE_SIGN_ENTITLEMENTS = Asphodel/Asphodel.entitlements;
				CODE_SIGN_IDENTITY = "Apple Development";
				CODE_SIGN_STYLE = Automatic;
				CURRENT_PROJECT_VERSION = 1;
				DEVELOPMENT_TEAM = P8T66U743T;
				ENABLE_BITCODE = NO;
				GCC_PREPROCESSOR_DEFINITIONS = (
					"$(inherited)",
					"FB_SONARKIT_ENABLED=1",
				);
				INFOPLIST_FILE = Asphodel/Info.plist;
				IPHONEOS_DEPLOYMENT_TARGET = 15.1;
				LD_RUNPATH_SEARCH_PATHS = (
					"$(inherited)",
					"@executable_path/Frameworks",
				);
				MARKETING_VERSION = 1.0;
				OTHER_LDFLAGS = (
					"$(inherited)",
					"-ObjC",
					"-lc++",
				);
				OTHER_SWIFT_FLAGS = "$(inherited) -D EXPO_CONFIGURATION_DEBUG";
				PRODUCT_BUNDLE_IDENTIFIER = io.shadowsky.app;
				PRODUCT_NAME = Asphodel;
				SWIFT_OBJC_BRIDGING_HEADER = "Asphodel/Asphodel-Bridging-Header.h";
				SWIFT_OPTIMIZATION_LEVEL = "-Onone";
				SWIFT_VERSION = 5.0;
				TARGETED_DEVICE_FAMILY = "1,2";
				VERSIONING_SYSTEM = "apple-generic";
			};
			name = Debug;
		};
		13B07F951A680F5B00A75B9A /* Release */ = {
			isa = XCBuildConfiguration;
			baseConfigurationReference = 338D78E9AFB4082860708231 /* Pods-Asphodel.release.xcconfig */;
			buildSettings = {
				ASSETCATALOG_COMPILER_APPICON_NAME = AppIcon;
				CLANG_ENABLE_MODULES = YES;
				CODE_SIGN_ENTITLEMENTS = Asphodel/Asphodel.entitlements;
				CODE_SIGN_IDENTITY = "Apple Development";
				CODE_SIGN_STYLE = Automatic;
				CURRENT_PROJECT_VERSION = 1;
				DEVELOPMENT_TEAM = P8T66U743T;
				INFOPLIST_FILE = Asphodel/Info.plist;
				IPHONEOS_DEPLOYMENT_TARGET = 15.1;
				LD_RUNPATH_SEARCH_PATHS = (
					"$(inherited)",
					"@executable_path/Frameworks",
				);
				MARKETING_VERSION = 1.0;
				OTHER_LDFLAGS = (
					"$(inherited)",
					"-ObjC",
					"-lc++",
				);
				OTHER_SWIFT_FLAGS = "$(inherited) -D EXPO_CONFIGURATION_RELEASE";
				PRODUCT_BUNDLE_IDENTIFIER = io.shadowsky.app;
				PRODUCT_NAME = Asphodel;
				SWIFT_OBJC_BRIDGING_HEADER = "Asphodel/Asphodel-Bridging-Header.h";
				SWIFT_VERSION = 5.0;
				TARGETED_DEVICE_FAMILY = "1,2";
				VERSIONING_SYSTEM = "apple-generic";
			};
			name = Release;
		};
		83CBBA201A601CBA00E9B192 /* Debug */ = {
			isa = XCBuildConfiguration;
			buildSettings = {
				ALWAYS_SEARCH_USER_PATHS = NO;
				CLANG_ANALYZER_LOCALIZABILITY_NONLOCALIZED = YES;
				CLANG_CXX_LANGUAGE_STANDARD = "c++20";
				CLANG_CXX_LIBRARY = "libc++";
				CLANG_ENABLE_MODULES = YES;
				CLANG_ENABLE_OBJC_ARC = YES;
				CLANG_WARN_BLOCK_CAPTURE_AUTORELEASING = YES;
				CLANG_WARN_BOOL_CONVERSION = YES;
				CLANG_WARN_COMMA = YES;
				CLANG_WARN_CONSTANT_CONVERSION = YES;
				CLANG_WARN_DEPRECATED_OBJC_IMPLEMENTATIONS = YES;
				CLANG_WARN_DIRECT_OBJC_ISA_USAGE = YES_ERROR;
				CLANG_WARN_EMPTY_BODY = YES;
				CLANG_WARN_ENUM_CONVERSION = YES;
				CLANG_WARN_INFINITE_RECURSION = YES;
				CLANG_WARN_INT_CONVERSION = YES;
				CLANG_WARN_NON_LITERAL_NULL_CONVERSION = YES;
				CLANG_WARN_OBJC_IMPLICIT_RETAIN_SELF = YES;
				CLANG_WARN_OBJC_LITERAL_CONVERSION = YES;
				CLANG_WARN_OBJC_ROOT_CLASS = YES_ERROR;
				CLANG_WARN_RANGE_LOOP_ANALYSIS = YES;
				CLANG_WARN_STRICT_PROTOTYPES = YES;
				CLANG_WARN_SUSPICIOUS_MOVE = YES;
				CLANG_WARN_UNREACHABLE_CODE = YES;
				CLANG_WARN__DUPLICATE_METHOD_MATCH = YES;
				"CODE_SIGN_IDENTITY[sdk=iphoneos*]" = "iPhone Developer";
				COPY_PHASE_STRIP = NO;
				ENABLE_STRICT_OBJC_MSGSEND = YES;
				ENABLE_TESTABILITY = YES;
				GCC_C_LANGUAGE_STANDARD = gnu99;
				GCC_DYNAMIC_NO_PIC = NO;
				GCC_NO_COMMON_BLOCKS = YES;
				GCC_OPTIMIZATION_LEVEL = 0;
				GCC_PREPROCESSOR_DEFINITIONS = (
					"DEBUG=1",
					"$(inherited)",
				);
				GCC_SYMBOLS_PRIVATE_EXTERN = NO;
				GCC_WARN_64_TO_32_BIT_CONVERSION = YES;
				GCC_WARN_ABOUT_RETURN_TYPE = YES_ERROR;
				GCC_WARN_UNDECLARED_SELECTOR = YES;
				GCC_WARN_UNINITIALIZED_AUTOS = YES_AGGRESSIVE;
				GCC_WARN_UNUSED_FUNCTION = YES;
				GCC_WARN_UNUSED_VARIABLE = YES;
				IPHONEOS_DEPLOYMENT_TARGET = 15.1;
				LD_RUNPATH_SEARCH_PATHS = (
					/usr/lib/swift,
					"$(inherited)",
				);
				LIBRARY_SEARCH_PATHS = "$(SDKROOT)/usr/lib/swift\"$(inherited)\"";
				MTL_ENABLE_DEBUG_INFO = YES;
				ONLY_ACTIVE_ARCH = YES;
				REACT_NATIVE_PATH = "${PODS_ROOT}/../../node_modules/react-native";
				SDKROOT = iphoneos;
				SWIFT_ACTIVE_COMPILATION_CONDITIONS = "$(inherited) DEBUG";
				SWIFT_ENABLE_EXPLICIT_MODULES = NO;
				USE_HERMES = true;
			};
			name = Debug;
		};
		83CBBA211A601CBA00E9B192 /* Release */ = {
			isa = XCBuildConfiguration;
			buildSettings = {
				ALWAYS_SEARCH_USER_PATHS = NO;
				CLANG_ANALYZER_LOCALIZABILITY_NONLOCALIZED = YES;
				CLANG_CXX_LANGUAGE_STANDARD = "c++20";
				CLANG_CXX_LIBRARY = "libc++";
				CLANG_ENABLE_MODULES = YES;
				CLANG_ENABLE_OBJC_ARC = YES;
				CLANG_WARN_BLOCK_CAPTURE_AUTORELEASING = YES;
				CLANG_WARN_BOOL_CONVERSION = YES;
				CLANG_WARN_COMMA = YES;
				CLANG_WARN_CONSTANT_CONVERSION = YES;
				CLANG_WARN_DEPRECATED_OBJC_IMPLEMENTATIONS = YES;
				CLANG_WARN_DIRECT_OBJC_ISA_USAGE = YES_ERROR;
				CLANG_WARN_EMPTY_BODY = YES;
				CLANG_WARN_ENUM_CONVERSION = YES;
				CLANG_WARN_INFINITE_RECURSION = YES;
				CLANG_WARN_INT_CONVERSION = YES;
				CLANG_WARN_NON_LITERAL_NULL_CONVERSION = YES;
				CLANG_WARN_OBJC_IMPLICIT_RETAIN_SELF = YES;
				CLANG_WARN_OBJC_LITERAL_CONVERSION = YES;
				CLANG_WARN_OBJC_ROOT_CLASS = YES_ERROR;
				CLANG_WARN_RANGE_LOOP_ANALYSIS = YES;
				CLANG_WARN_STRICT_PROTOTYPES = YES;
				CLANG_WARN_SUSPICIOUS_MOVE = YES;
				CLANG_WARN_UNREACHABLE_CODE = YES;
				CLANG_WARN__DUPLICATE_METHOD_MATCH = YES;
				"CODE_SIGN_IDENTITY[sdk=iphoneos*]" = "iPhone Developer";
				COPY_PHASE_STRIP = YES;
				ENABLE_NS_ASSERTIONS = NO;
				ENABLE_STRICT_OBJC_MSGSEND = YES;
				GCC_C_LANGUAGE_STANDARD = gnu99;
				GCC_NO_COMMON_BLOCKS = YES;
				GCC_WARN_64_TO_32_BIT_CONVERSION = YES;
				GCC_WARN_ABOUT_RETURN_TYPE = YES_ERROR;
				GCC_WARN_UNDECLARED_SELECTOR = YES;
				GCC_WARN_UNINITIALIZED_AUTOS = YES_AGGRESSIVE;
				GCC_WARN_UNUSED_FUNCTION = YES;
				GCC_WARN_UNUSED_VARIABLE = YES;
				IPHONEOS_DEPLOYMENT_TARGET = 15.1;
				LD_RUNPATH_SEARCH_PATHS = (
					/usr/lib/swift,
					"$(inherited)",
				);
				LIBRARY_SEARCH_PATHS = "$(SDKROOT)/usr/lib/swift\"$(inherited)\"";
				MTL_ENABLE_DEBUG_INFO = NO;
				REACT_NATIVE_PATH = "${PODS_ROOT}/../../node_modules/react-native";
				SDKROOT = iphoneos;
				SWIFT_ENABLE_EXPLICIT_MODULES = NO;
				USE_HERMES = true;
				VALIDATE_PRODUCT = YES;
			};
			name = Release;
		};
/* End XCBuildConfiguration section */

/* Begin XCConfigurationList section */
		13B07F931A680F5B00A75B9A /* Build configuration list for PBXNativeTarget "Asphodel" */ = {
			isa = XCConfigurationList;
			buildConfigurations = (
				13B07F941A680F5B00A75B9A /* Debug */,
				13B07F951A680F5B00A75B9A /* Release */,
			);
			defaultConfigurationIsVisible = 0;
			defaultConfigurationName = Release;
		};
		83CBB9FA1A601CBA00E9B192 /* Build configuration list for PBXProject "Asphodel" */ = {
			isa = XCConfigurationList;
			buildConfigurations = (
				83CBBA201A601CBA00E9B192 /* Debug */,
				83CBBA211A601CBA00E9B192 /* Release */,
			);
			defaultConfigurationIsVisible = 0;
			defaultConfigurationName = Release;
		};
/* End XCConfigurationList section */
	};
	rootObject = 83CBB9F71A601CBA00E9B192 /* Project object */;
}
